# THIS IS AN AUTOGENERATED FILE. DO NOT EDIT THIS FILE DIRECTLY.
# yarn lockfile v1


"@tensorflow/tfjs-converter@1.5.2":
  version "1.5.2"
  resolved "http://bnpm.byted.org/@tensorflow/tfjs-converter/download/@tensorflow/tfjs-converter-1.5.2.tgz#ec1373f421313bdc6aac46d5578deb58e5093e8c"
  integrity sha1-7BNz9CExO9xqrEbVV43rWOUJPow=

"@tensorflow/tfjs-core@1.5.2":
  version "1.5.2"
  resolved "http://bnpm.byted.org/@tensorflow/tfjs-core/download/@tensorflow/tfjs-core-1.5.2.tgz#df76752cf7c43987df1548fb69820935bd8215d7"
  integrity sha1-33Z1LPfEOYffFUj7aYIJNb2CFdc=
  dependencies:
    "@types/offscreencanvas" "~2019.3.0"
    "@types/seedrandom" "2.4.27"
    "@types/webgl-ext" "0.0.30"
    "@types/webgl2" "0.0.4"
    node-fetch "~2.1.2"
    seedrandom "2.4.3"

"@tensorflow/tfjs-data@1.5.2":
  version "1.5.2"
  resolved "http://bnpm.byted.org/@tensorflow/tfjs-data/download/@tensorflow/tfjs-data-1.5.2.tgz#04a585f71e36bda3dbffe8844a2468a0adb63efa"
  integrity sha1-BKWF9x42vaPb/+iESiRooK22Pvo=
  dependencies:
    "@types/node-fetch" "^2.1.2"
    node-fetch "~2.1.2"

"@tensorflow/tfjs-layers@1.5.2":
  version "1.5.2"
  resolved "http://bnpm.byted.org/@tensorflow/tfjs-layers/download/@tensorflow/tfjs-layers-1.5.2.tgz#8d92e8a1462f7be6b6ee9a1e5217ea3a21fbc1f9"
  integrity sha1-jZLooUYve+a27poeUhfqOiH7wfk=

"@tensorflow/tfjs@^1.5.2":
  version "1.5.2"
  resolved "http://bnpm.byted.org/@tensorflow/tfjs/download/@tensorflow/tfjs-1.5.2.tgz#d1ebd5730429ae970b65dd228c101c7bf1ca90de"
  integrity sha1-0evVcwQprpcLZd0ijBAce/HKkN4=
  dependencies:
    "@tensorflow/tfjs-converter" "1.5.2"
    "@tensorflow/tfjs-core" "1.5.2"
    "@tensorflow/tfjs-data" "1.5.2"
    "@tensorflow/tfjs-layers" "1.5.2"

"@types/node-fetch@^2.1.2":
  version "2.5.4"
  resolved "http://bnpm.byted.org/@types/node-fetch/download/@types/node-fetch-2.5.4.tgz#5245b6d8841fc3a6208b82291119bc11c4e0ce44"
  integrity sha1-UkW22IQfw6Ygi4IpERm8EcTgzkQ=
  dependencies:
    "@types/node" "*"

"@types/node@*":
  version "13.7.1"
  resolved "http://bnpm.byted.org/@types/node/download/@types/node-13.7.1.tgz#238eb34a66431b71d2aaddeaa7db166f25971a0d"
  integrity sha1-I46zSmZDG3HSqt3qp9sWbyWXGg0=

"@types/offscreencanvas@~2019.3.0":
  version "2019.3.0"
  resolved "http://bnpm.byted.org/@types/offscreencanvas/download/@types/offscreencanvas-2019.3.0.tgz#3336428ec7e9180cf4566dfea5da04eb586a6553"
  integrity sha1-MzZCjsfpGAz0Vm3+pdoE61hqZVM=

"@types/seedrandom@2.4.27":
  version "2.4.27"
  resolved "http://bnpm.byted.org/@types/seedrandom/download/@types/seedrandom-2.4.27.tgz#9db563937dd86915f69092bc43259d2f48578e41"
  integrity sha1-nbVjk33YaRX2kJK8QyWdL0hXjkE=

"@types/webgl-ext@0.0.30":
  version "0.0.30"
  resolved "http://bnpm.byted.org/@types/webgl-ext/download/@types/webgl-ext-0.0.30.tgz#0ce498c16a41a23d15289e0b844d945b25f0fb9d"
  integrity sha1-DOSYwWpBoj0VKJ4LhE2UWyXw+50=

"@types/webgl2@0.0.4":
  version "0.0.4"
  resolved "http://bnpm.byted.org/@types/webgl2/download/@types/webgl2-0.0.4.tgz#c3b0f9d6b465c66138e84e64cb3bdf8373c2c279"
  integrity sha1-w7D51rRlxmE46E5kyzvfg3PCwnk=

node-fetch@~2.1.2:
  version "2.1.2"
  resolved "http://bnpm.byted.org/node-fetch/download/node-fetch-2.1.2.tgz#ab884e8e7e57e38a944753cec706f788d1768bb5"
  integrity sha1-q4hOjn5X44qUR1POxwb3iNF2i7U=

seedrandom@2.4.3:
  version "2.4.3"
  resolved "http://bnpm.byted.org/seedrandom/download/seedrandom-2.4.3.tgz#2438504dad33917314bff18ac4d794f16d6aaecc"
  integrity sha1-JDhQTa0zkXMUv/GKxNeU8W1qrsw=
